
Microsoft Visual Studio Solution File, Format Version 12.00
# Visual Studio Version 17
VisualStudioVersion = 17.8.34322.80
MinimumVisualStudioVersion = 10.0.40219.1
Project("{FAE04EC0-301F-11D3-BF4B-00C04F79EFBC}") = "HomeBankingMindHub", "HomeBankingMindHub\HomeBankingMindHub.csproj", "{5E85525C-5502-4583-8B69-4123BA116553}"
EndProject
Global
	GlobalSection(SolutionConfigurationPlatforms) = preSolution
		Debug|Any CPU = Debug|Any CPU
		Release|Any CPU = Release|Any CPU
	EndGlobalSection
	GlobalSection(ProjectConfigurationPlatforms) = postSolution
		{5E85525C-5502-4583-8B69-4123BA116553}.Debug|Any CPU.ActiveCfg = Debug|Any CPU
		{5E85525C-5502-4583-8B69-4123BA116553}.Debug|Any CPU.Build.0 = Debug|Any CPU
		{5E85525C-5502-4583-8B69-4123BA116553}.Release|Any CPU.ActiveCfg = Release|Any CPU
		{5E85525C-5502-4583-8B69-4123BA116553}.Release|Any CPU.Build.0 = Release|Any CPU
	EndGlobalSection
	GlobalSection(SolutionProperties) = preSolution
		HideSolutionNode = FALSE
	EndGlobalSection
	GlobalSection(ExtensibilityGlobals) = postSolution
		SolutionGuid = {DB851A6E-D747-4F5C-A6B5-747ED595D109}
	EndGlobalSection
EndGlobal
