
Microsoft Visual Studio Solution File, Format Version 12.00
# Visual Studio Version 17
VisualStudioVersion = 17.8.34525.116
MinimumVisualStudioVersion = 10.0.40219.1
Project("{9A19103F-16F7-4668-BE54-9A1E7A4F7556}") = "HomeBankingMindHub", "HomeBankingMindHub.csproj", "{531AC031-F91E-4117-B89E-444B754B24CF}"
EndProject
Project("{9A19103F-16F7-4668-BE54-9A1E7A4F7556}") = "ClientService", "..\ClientService\ClientService.csproj", "{AD99CBE4-D88C-4811-A3F3-38FE25AF1C7F}"
EndProject
Project("{9A19103F-16F7-4668-BE54-9A1E7A4F7556}") = "AccountService", "..\AccountService\AccountService.csproj", "{B330D9C4-3C99-4EFF-8932-66A0F93FE1CB}"
EndProject
Project("{9A19103F-16F7-4668-BE54-9A1E7A4F7556}") = "AuthService", "..\AuthService\AuthService.csproj", "{1A91C757-7824-4958-B21D-970AE7E4A65A}"
EndProject
Project("{9A19103F-16F7-4668-BE54-9A1E7A4F7556}") = "CardService", "..\CardService\CardService.csproj", "{A0AE2B79-9049-47D8-97DE-9A6C7107D3DC}"
EndProject
Project("{9A19103F-16F7-4668-BE54-9A1E7A4F7556}") = "TransactionService", "..\TransactionService\TransactionService.csproj", "{3CAE6526-572F-4065-B393-EBFF3EDD621E}"
EndProject
Project("{9A19103F-16F7-4668-BE54-9A1E7A4F7556}") = "LoanService", "..\LoanService\LoanService.csproj", "{EF93EE17-FA62-4728-B9B9-4CD23901D21F}"
EndProject
Project("{9A19103F-16F7-4668-BE54-9A1E7A4F7556}") = "TransactionLogService", "..\TransactionLogService\TransactionLogService.csproj", "{67FDFE2B-8FEF-4B0A-9CD7-658DE82D76FF}"
EndProject
Global
	GlobalSection(SolutionConfigurationPlatforms) = preSolution
		Debug|Any CPU = Debug|Any CPU
		Release|Any CPU = Release|Any CPU
	EndGlobalSection
	GlobalSection(ProjectConfigurationPlatforms) = postSolution
		{531AC031-F91E-4117-B89E-444B754B24CF}.Debug|Any CPU.ActiveCfg = Debug|Any CPU
		{531AC031-F91E-4117-B89E-444B754B24CF}.Debug|Any CPU.Build.0 = Debug|Any CPU
		{531AC031-F91E-4117-B89E-444B754B24CF}.Release|Any CPU.ActiveCfg = Release|Any CPU
		{531AC031-F91E-4117-B89E-444B754B24CF}.Release|Any CPU.Build.0 = Release|Any CPU
		{AD99CBE4-D88C-4811-A3F3-38FE25AF1C7F}.Debug|Any CPU.ActiveCfg = Debug|Any CPU
		{AD99CBE4-D88C-4811-A3F3-38FE25AF1C7F}.Debug|Any CPU.Build.0 = Debug|Any CPU
		{AD99CBE4-D88C-4811-A3F3-38FE25AF1C7F}.Release|Any CPU.ActiveCfg = Release|Any CPU
		{AD99CBE4-D88C-4811-A3F3-38FE25AF1C7F}.Release|Any CPU.Build.0 = Release|Any CPU
		{B330D9C4-3C99-4EFF-8932-66A0F93FE1CB}.Debug|Any CPU.ActiveCfg = Debug|Any CPU
		{B330D9C4-3C99-4EFF-8932-66A0F93FE1CB}.Debug|Any CPU.Build.0 = Debug|Any CPU
		{B330D9C4-3C99-4EFF-8932-66A0F93FE1CB}.Release|Any CPU.ActiveCfg = Release|Any CPU
		{B330D9C4-3C99-4EFF-8932-66A0F93FE1CB}.Release|Any CPU.Build.0 = Release|Any CPU
		{1A91C757-7824-4958-B21D-970AE7E4A65A}.Debug|Any CPU.ActiveCfg = Debug|Any CPU
		{1A91C757-7824-4958-B21D-970AE7E4A65A}.Debug|Any CPU.Build.0 = Debug|Any CPU
		{1A91C757-7824-4958-B21D-970AE7E4A65A}.Release|Any CPU.ActiveCfg = Release|Any CPU
		{1A91C757-7824-4958-B21D-970AE7E4A65A}.Release|Any CPU.Build.0 = Release|Any CPU
		{A0AE2B79-9049-47D8-97DE-9A6C7107D3DC}.Debug|Any CPU.ActiveCfg = Debug|Any CPU
		{A0AE2B79-9049-47D8-97DE-9A6C7107D3DC}.Debug|Any CPU.Build.0 = Debug|Any CPU
		{A0AE2B79-9049-47D8-97DE-9A6C7107D3DC}.Release|Any CPU.ActiveCfg = Release|Any CPU
		{A0AE2B79-9049-47D8-97DE-9A6C7107D3DC}.Release|Any CPU.Build.0 = Release|Any CPU
		{3CAE6526-572F-4065-B393-EBFF3EDD621E}.Debug|Any CPU.ActiveCfg = Debug|Any CPU
		{3CAE6526-572F-4065-B393-EBFF3EDD621E}.Debug|Any CPU.Build.0 = Debug|Any CPU
		{3CAE6526-572F-4065-B393-EBFF3EDD621E}.Release|Any CPU.ActiveCfg = Release|Any CPU
		{3CAE6526-572F-4065-B393-EBFF3EDD621E}.Release|Any CPU.Build.0 = Release|Any CPU
		{EF93EE17-FA62-4728-B9B9-4CD23901D21F}.Debug|Any CPU.ActiveCfg = Debug|Any CPU
		{EF93EE17-FA62-4728-B9B9-4CD23901D21F}.Debug|Any CPU.Build.0 = Debug|Any CPU
		{EF93EE17-FA62-4728-B9B9-4CD23901D21F}.Release|Any CPU.ActiveCfg = Release|Any CPU
		{EF93EE17-FA62-4728-B9B9-4CD23901D21F}.Release|Any CPU.Build.0 = Release|Any CPU
		{67FDFE2B-8FEF-4B0A-9CD7-658DE82D76FF}.Debug|Any CPU.ActiveCfg = Debug|Any CPU
		{67FDFE2B-8FEF-4B0A-9CD7-658DE82D76FF}.Debug|Any CPU.Build.0 = Debug|Any CPU
		{67FDFE2B-8FEF-4B0A-9CD7-658DE82D76FF}.Release|Any CPU.ActiveCfg = Release|Any CPU
		{67FDFE2B-8FEF-4B0A-9CD7-658DE82D76FF}.Release|Any CPU.Build.0 = Release|Any CPU
	EndGlobalSection
	GlobalSection(SolutionProperties) = preSolution
		HideSolutionNode = FALSE
	EndGlobalSection
	GlobalSection(ExtensibilityGlobals) = postSolution
		SolutionGuid = {F0C59A45-EE1E-4ED9-BD1B-E2A482558DFE}
	EndGlobalSection
EndGlobal
